
Microsoft Visual Studio Solution File, Format Version 12.00
# Visual Studio Version 17
VisualStudioVersion = 17.0.32014.148
MinimumVisualStudioVersion = 10.0.40219.1
Project("{FAE04EC0-301F-11D3-BF4B-00C04F79EFBC}") = "FinalLaboratorio3", "FinalLaboratorio3\FinalLaboratorio3.csproj", "{0EF5A16A-4467-4F75-917C-5C200E82ABCE}"
EndProject
Global
	GlobalSection(SolutionConfigurationPlatforms) = preSolution
		Debug|Any CPU = Debug|Any CPU
		Release|Any CPU = Release|Any CPU
	EndGlobalSection
	GlobalSection(ProjectConfigurationPlatforms) = postSolution
		{0EF5A16A-4467-4F75-917C-5C200E82ABCE}.Debug|Any CPU.ActiveCfg = Debug|Any CPU
		{0EF5A16A-4467-4F75-917C-5C200E82ABCE}.Debug|Any CPU.Build.0 = Debug|Any CPU
		{0EF5A16A-4467-4F75-917C-5C200E82ABCE}.Release|Any CPU.ActiveCfg = Release|Any CPU
		{0EF5A16A-4467-4F75-917C-5C200E82ABCE}.Release|Any CPU.Build.0 = Release|Any CPU
	EndGlobalSection
	GlobalSection(SolutionProperties) = preSolution
		HideSolutionNode = FALSE
	EndGlobalSection
	GlobalSection(ExtensibilityGlobals) = postSolution
		SolutionGuid = {20E55610-8C6D-4C75-B3AE-813FE9F7BF72}
	EndGlobalSection
EndGlobal
